
Microsoft Visual Studio Solution File, Format Version 12.00
# Visual Studio 14
VisualStudioVersion = 14.0.25420.1
MinimumVisualStudioVersion = 10.0.40219.1
Project("{FAE04EC0-301F-11D3-BF4B-00C04F79EFBC}") = "XulFx", "XulFx\XulFx.csproj", "{4BA81C79-E01B-47FF-BB34-155A55BD85C6}"
EndProject
Project("{2150E333-8FDC-42A3-9474-1A3956D46DE8}") = ".nuget", ".nuget", "{4ECD4BC8-4D68-4242-9D25-7A5BAE000B70}"
	ProjectSection(SolutionItems) = preProject
		.nuget\NuGet.Config = .nuget\NuGet.Config
		.nuget\NuGet.exe = .nuget\NuGet.exe
		.nuget\NuGet.targets = .nuget\NuGet.targets
		.nuget\packages.config = .nuget\packages.config
	EndProjectSection
EndProject
Project("{FAE04EC0-301F-11D3-BF4B-00C04F79EFBC}") = "XulFx.Windows.Forms", "XulFx.Windows.Forms\XulFx.Windows.Forms.csproj", "{BA6B9A3A-8B9E-467E-A99B-3B666AAE0C90}"
EndProject
Project("{FAE04EC0-301F-11D3-BF4B-00C04F79EFBC}") = "XulFx.Wpf", "XulFx.Wpf\XulFx.Wpf.csproj", "{10F8B93A-DB19-4182-833B-1488BDC12E6F}"
EndProject
Project("{FAE04EC0-301F-11D3-BF4B-00C04F79EFBC}") = "XulFx.Windows.Forms.Embedded", "XulFx.Windows.Forms.Embedded\XulFx.Windows.Forms.Embedded.csproj", "{75507C54-17E4-4BC1-8F93-269E7DA2DCB9}"
EndProject
Project("{FAE04EC0-301F-11D3-BF4B-00C04F79EFBC}") = "BrowseoFX.WPF", "BrowseoFX,WPF\BrowseoFX.WPF.csproj", "{F8B2DDD8-DF68-4649-A477-092232A34F60}"
EndProject
Project("{FAE04EC0-301F-11D3-BF4B-00C04F79EFBC}") = "TestBrowseoFXApp", "TestBrowseoFXApp\TestBrowseoFXApp.csproj", "{D98845F3-39CA-4D87-A511-D2F7C3A5F947}"
EndProject
Project("{FAE04EC0-301F-11D3-BF4B-00C04F79EFBC}") = "TestBrowseoFXWPFApp", "TestBrowseoFXWPFApp\TestBrowseoFXWPFApp.csproj", "{D0959152-7E02-4E73-96FF-9D63E519AD37}"
EndProject
Project("{FAE04EC0-301F-11D3-BF4B-00C04F79EFBC}") = "WTF.WPF.tests", "WTF.WPF.tests\WTF.WPF.tests.csproj", "{FE4F1797-FFDD-4736-9FF5-9D51DEEC1EEC}"
EndProject
Project("{FAE04EC0-301F-11D3-BF4B-00C04F79EFBC}") = "BrowseoFX", "BrowseoFX\BrowseoFX.csproj", "{9B3EF710-702D-4F5A-BE10-62550A66A189}"
EndProject
Global
	GlobalSection(SolutionConfigurationPlatforms) = preSolution
		Debug|Any CPU = Debug|Any CPU
		Debug|x86 = Debug|x86
		Release|Any CPU = Release|Any CPU
		Release|x86 = Release|x86
	EndGlobalSection
	GlobalSection(ProjectConfigurationPlatforms) = postSolution
		{4BA81C79-E01B-47FF-BB34-155A55BD85C6}.Debug|Any CPU.ActiveCfg = Debug|x86
		{4BA81C79-E01B-47FF-BB34-155A55BD85C6}.Debug|Any CPU.Build.0 = Debug|x86
		{4BA81C79-E01B-47FF-BB34-155A55BD85C6}.Debug|x86.ActiveCfg = Debug|x86
		{4BA81C79-E01B-47FF-BB34-155A55BD85C6}.Debug|x86.Build.0 = Debug|x86
		{4BA81C79-E01B-47FF-BB34-155A55BD85C6}.Release|Any CPU.ActiveCfg = Release|Any CPU
		{4BA81C79-E01B-47FF-BB34-155A55BD85C6}.Release|Any CPU.Build.0 = Release|Any CPU
		{4BA81C79-E01B-47FF-BB34-155A55BD85C6}.Release|x86.ActiveCfg = Release|x86
		{4BA81C79-E01B-47FF-BB34-155A55BD85C6}.Release|x86.Build.0 = Release|x86
		{BA6B9A3A-8B9E-467E-A99B-3B666AAE0C90}.Debug|Any CPU.ActiveCfg = Debug|x86
		{BA6B9A3A-8B9E-467E-A99B-3B666AAE0C90}.Debug|Any CPU.Build.0 = Debug|x86
		{BA6B9A3A-8B9E-467E-A99B-3B666AAE0C90}.Debug|x86.ActiveCfg = Debug|x86
		{BA6B9A3A-8B9E-467E-A99B-3B666AAE0C90}.Debug|x86.Build.0 = Debug|x86
		{BA6B9A3A-8B9E-467E-A99B-3B666AAE0C90}.Release|Any CPU.ActiveCfg = Release|Any CPU
		{BA6B9A3A-8B9E-467E-A99B-3B666AAE0C90}.Release|Any CPU.Build.0 = Release|Any CPU
		{BA6B9A3A-8B9E-467E-A99B-3B666AAE0C90}.Release|x86.ActiveCfg = Release|x86
		{BA6B9A3A-8B9E-467E-A99B-3B666AAE0C90}.Release|x86.Build.0 = Release|x86
		{10F8B93A-DB19-4182-833B-1488BDC12E6F}.Debug|Any CPU.ActiveCfg = Debug|x86
		{10F8B93A-DB19-4182-833B-1488BDC12E6F}.Debug|Any CPU.Build.0 = Debug|x86
		{10F8B93A-DB19-4182-833B-1488BDC12E6F}.Debug|x86.ActiveCfg = Debug|x86
		{10F8B93A-DB19-4182-833B-1488BDC12E6F}.Debug|x86.Build.0 = Debug|x86
		{10F8B93A-DB19-4182-833B-1488BDC12E6F}.Release|Any CPU.ActiveCfg = Release|Any CPU
		{10F8B93A-DB19-4182-833B-1488BDC12E6F}.Release|Any CPU.Build.0 = Release|Any CPU
		{10F8B93A-DB19-4182-833B-1488BDC12E6F}.Release|x86.ActiveCfg = Release|x86
		{10F8B93A-DB19-4182-833B-1488BDC12E6F}.Release|x86.Build.0 = Release|x86
		{75507C54-17E4-4BC1-8F93-269E7DA2DCB9}.Debug|Any CPU.ActiveCfg = Debug|Any CPU
		{75507C54-17E4-4BC1-8F93-269E7DA2DCB9}.Debug|Any CPU.Build.0 = Debug|Any CPU
		{75507C54-17E4-4BC1-8F93-269E7DA2DCB9}.Debug|x86.ActiveCfg = Debug|Any CPU
		{75507C54-17E4-4BC1-8F93-269E7DA2DCB9}.Release|Any CPU.ActiveCfg = Release|Any CPU
		{75507C54-17E4-4BC1-8F93-269E7DA2DCB9}.Release|Any CPU.Build.0 = Release|Any CPU
		{75507C54-17E4-4BC1-8F93-269E7DA2DCB9}.Release|x86.ActiveCfg = Release|Any CPU
		{F8B2DDD8-DF68-4649-A477-092232A34F60}.Debug|Any CPU.ActiveCfg = Debug|x86
		{F8B2DDD8-DF68-4649-A477-092232A34F60}.Debug|Any CPU.Build.0 = Debug|x86
		{F8B2DDD8-DF68-4649-A477-092232A34F60}.Debug|x86.ActiveCfg = Debug|x86
		{F8B2DDD8-DF68-4649-A477-092232A34F60}.Debug|x86.Build.0 = Debug|x86
		{F8B2DDD8-DF68-4649-A477-092232A34F60}.Release|Any CPU.ActiveCfg = Release|Any CPU
		{F8B2DDD8-DF68-4649-A477-092232A34F60}.Release|Any CPU.Build.0 = Release|Any CPU
		{F8B2DDD8-DF68-4649-A477-092232A34F60}.Release|x86.ActiveCfg = Release|x86
		{F8B2DDD8-DF68-4649-A477-092232A34F60}.Release|x86.Build.0 = Release|x86
		{D98845F3-39CA-4D87-A511-D2F7C3A5F947}.Debug|Any CPU.ActiveCfg = Debug|x86
		{D98845F3-39CA-4D87-A511-D2F7C3A5F947}.Debug|Any CPU.Build.0 = Debug|x86
		{D98845F3-39CA-4D87-A511-D2F7C3A5F947}.Debug|x86.ActiveCfg = Debug|x86
		{D98845F3-39CA-4D87-A511-D2F7C3A5F947}.Debug|x86.Build.0 = Debug|x86
		{D98845F3-39CA-4D87-A511-D2F7C3A5F947}.Release|Any CPU.ActiveCfg = Release|Any CPU
		{D98845F3-39CA-4D87-A511-D2F7C3A5F947}.Release|Any CPU.Build.0 = Release|Any CPU
		{D98845F3-39CA-4D87-A511-D2F7C3A5F947}.Release|x86.ActiveCfg = Release|x86
		{D98845F3-39CA-4D87-A511-D2F7C3A5F947}.Release|x86.Build.0 = Release|x86
		{D0959152-7E02-4E73-96FF-9D63E519AD37}.Debug|Any CPU.ActiveCfg = Debug|Any CPU
		{D0959152-7E02-4E73-96FF-9D63E519AD37}.Debug|Any CPU.Build.0 = Debug|Any CPU
		{D0959152-7E02-4E73-96FF-9D63E519AD37}.Debug|x86.ActiveCfg = Debug|Any CPU
		{D0959152-7E02-4E73-96FF-9D63E519AD37}.Debug|x86.Build.0 = Debug|Any CPU
		{D0959152-7E02-4E73-96FF-9D63E519AD37}.Release|Any CPU.ActiveCfg = Release|Any CPU
		{D0959152-7E02-4E73-96FF-9D63E519AD37}.Release|Any CPU.Build.0 = Release|Any CPU
		{D0959152-7E02-4E73-96FF-9D63E519AD37}.Release|x86.ActiveCfg = Release|Any CPU
		{D0959152-7E02-4E73-96FF-9D63E519AD37}.Release|x86.Build.0 = Release|Any CPU
		{FE4F1797-FFDD-4736-9FF5-9D51DEEC1EEC}.Debug|Any CPU.ActiveCfg = Debug|Any CPU
		{FE4F1797-FFDD-4736-9FF5-9D51DEEC1EEC}.Debug|Any CPU.Build.0 = Debug|Any CPU
		{FE4F1797-FFDD-4736-9FF5-9D51DEEC1EEC}.Debug|x86.ActiveCfg = Debug|Any CPU
		{FE4F1797-FFDD-4736-9FF5-9D51DEEC1EEC}.Debug|x86.Build.0 = Debug|Any CPU
		{FE4F1797-FFDD-4736-9FF5-9D51DEEC1EEC}.Release|Any CPU.ActiveCfg = Release|Any CPU
		{FE4F1797-FFDD-4736-9FF5-9D51DEEC1EEC}.Release|Any CPU.Build.0 = Release|Any CPU
		{FE4F1797-FFDD-4736-9FF5-9D51DEEC1EEC}.Release|x86.ActiveCfg = Release|Any CPU
		{FE4F1797-FFDD-4736-9FF5-9D51DEEC1EEC}.Release|x86.Build.0 = Release|Any CPU
		{9B3EF710-702D-4F5A-BE10-62550A66A189}.Debug|Any CPU.ActiveCfg = Debug|Any CPU
		{9B3EF710-702D-4F5A-BE10-62550A66A189}.Debug|Any CPU.Build.0 = Debug|Any CPU
		{9B3EF710-702D-4F5A-BE10-62550A66A189}.Debug|x86.ActiveCfg = Debug|x86
		{9B3EF710-702D-4F5A-BE10-62550A66A189}.Debug|x86.Build.0 = Debug|x86
		{9B3EF710-702D-4F5A-BE10-62550A66A189}.Release|Any CPU.ActiveCfg = Release|Any CPU
		{9B3EF710-702D-4F5A-BE10-62550A66A189}.Release|Any CPU.Build.0 = Release|Any CPU
		{9B3EF710-702D-4F5A-BE10-62550A66A189}.Release|x86.ActiveCfg = Release|x86
		{9B3EF710-702D-4F5A-BE10-62550A66A189}.Release|x86.Build.0 = Release|x86
	EndGlobalSection
	GlobalSection(SolutionProperties) = preSolution
		HideSolutionNode = FALSE
	EndGlobalSection
EndGlobal
